// !$*UTF8*$!
{
	archiveVersion = 1;
	classes = {
	};
	objectVersion = 56;
	objects = {

/* Begin PBXBuildFile section */
		84481A532BEE9DA700826E86 /* AppDelegate.swift in Sources */ = {isa = PBXBuildFile; fileRef = 84481A522BEE9DA700826E86 /* AppDelegate.swift */; };
		84481A552BEE9DA700826E86 /* SceneDelegate.swift in Sources */ = {isa = PBXBuildFile; fileRef = 84481A542BEE9DA700826E86 /* SceneDelegate.swift */; };
		84481A5C2BEE9DAA00826E86 /* Assets.xcassets in Resources */ = {isa = PBXBuildFile; fileRef = 84481A5B2BEE9DAA00826E86 /* Assets.xcassets */; };
		84481A5F2BEE9DAA00826E86 /* LaunchScreen.storyboard in Resources */ = {isa = PBXBuildFile; fileRef = 84481A5D2BEE9DAA00826E86 /* LaunchScreen.storyboard */; };
		84481A6E2BEEA3F000826E86 /* RMLocation.swift in Sources */ = {isa = PBXBuildFile; fileRef = 84481A6D2BEEA3F000826E86 /* RMLocation.swift */; };
		84481A702BEEA40C00826E86 /* RMCharacter.swift in Sources */ = {isa = PBXBuildFile; fileRef = 84481A6F2BEEA40C00826E86 /* RMCharacter.swift */; };
		84481A722BEEA41B00826E86 /* RMEpisode.swift in Sources */ = {isa = PBXBuildFile; fileRef = 84481A712BEEA41B00826E86 /* RMEpisode.swift */; };
		84481A742BEEA46600826E86 /* RMTabViewController.swift in Sources */ = {isa = PBXBuildFile; fileRef = 84481A732BEEA46600826E86 /* RMTabViewController.swift */; };
		84481A772BEEA4DF00826E86 /* RMCharacterViewController.swift in Sources */ = {isa = PBXBuildFile; fileRef = 84481A762BEEA4DF00826E86 /* RMCharacterViewController.swift */; };
		84481A792BEEA4ED00826E86 /* RMLocationViewController.swift in Sources */ = {isa = PBXBuildFile; fileRef = 84481A782BEEA4ED00826E86 /* RMLocationViewController.swift */; };
		84481A7B2BEEA4FC00826E86 /* RMEpisodeViewController.swift in Sources */ = {isa = PBXBuildFile; fileRef = 84481A7A2BEEA4FC00826E86 /* RMEpisodeViewController.swift */; };
		84481A7D2BEEA50B00826E86 /* RMSettingsViewController.swift in Sources */ = {isa = PBXBuildFile; fileRef = 84481A7C2BEEA50B00826E86 /* RMSettingsViewController.swift */; };
/* End PBXBuildFile section */

/* Begin PBXFileReference section */
		84481A4F2BEE9DA700826E86 /* RickAndMortyApp.app */ = {isa = PBXFileReference; explicitFileType = wrapper.application; includeInIndex = 0; path = RickAndMortyApp.app; sourceTree = BUILT_PRODUCTS_DIR; };
		84481A522BEE9DA700826E86 /* AppDelegate.swift */ = {isa = PBXFileReference; lastKnownFileType = sourcecode.swift; path = AppDelegate.swift; sourceTree = "<group>"; };
		84481A542BEE9DA700826E86 /* SceneDelegate.swift */ = {isa = PBXFileReference; lastKnownFileType = sourcecode.swift; path = SceneDelegate.swift; sourceTree = "<group>"; };
		84481A5B2BEE9DAA00826E86 /* Assets.xcassets */ = {isa = PBXFileReference; lastKnownFileType = folder.assetcatalog; path = Assets.xcassets; sourceTree = "<group>"; };
		84481A5E2BEE9DAA00826E86 /* Base */ = {isa = PBXFileReference; lastKnownFileType = file.storyboard; name = Base; path = Base.lproj/LaunchScreen.storyboard; sourceTree = "<group>"; };
		84481A602BEE9DAA00826E86 /* Info.plist */ = {isa = PBXFileReference; lastKnownFileType = text.plist.xml; path = Info.plist; sourceTree = "<group>"; };
		84481A6D2BEEA3F000826E86 /* RMLocation.swift */ = {isa = PBXFileReference; lastKnownFileType = sourcecode.swift; path = RMLocation.swift; sourceTree = "<group>"; };
		84481A6F2BEEA40C00826E86 /* RMCharacter.swift */ = {isa = PBXFileReference; lastKnownFileType = sourcecode.swift; path = RMCharacter.swift; sourceTree = "<group>"; };
		84481A712BEEA41B00826E86 /* RMEpisode.swift */ = {isa = PBXFileReference; lastKnownFileType = sourcecode.swift; path = RMEpisode.swift; sourceTree = "<group>"; };
		84481A732BEEA46600826E86 /* RMTabViewController.swift */ = {isa = PBXFileReference; lastKnownFileType = sourcecode.swift; path = RMTabViewController.swift; sourceTree = "<group>"; };
		84481A762BEEA4DF00826E86 /* RMCharacterViewController.swift */ = {isa = PBXFileReference; lastKnownFileType = sourcecode.swift; path = RMCharacterViewController.swift; sourceTree = "<group>"; };
		84481A782BEEA4ED00826E86 /* RMLocationViewController.swift */ = {isa = PBXFileReference; lastKnownFileType = sourcecode.swift; path = RMLocationViewController.swift; sourceTree = "<group>"; };
		84481A7A2BEEA4FC00826E86 /* RMEpisodeViewController.swift */ = {isa = PBXFileReference; lastKnownFileType = sourcecode.swift; path = RMEpisodeViewController.swift; sourceTree = "<group>"; };
		84481A7C2BEEA50B00826E86 /* RMSettingsViewController.swift */ = {isa = PBXFileReference; lastKnownFileType = sourcecode.swift; path = RMSettingsViewController.swift; sourceTree = "<group>"; };
/* End PBXFileReference section */

/* Begin PBXFrameworksBuildPhase section */
		84481A4C2BEE9DA700826E86 /* Frameworks */ = {
			isa = PBXFrameworksBuildPhase;
			buildActionMask = 2147483647;
			files = (
			);
			runOnlyForDeploymentPostprocessing = 0;
		};
/* End PBXFrameworksBuildPhase section */

/* Begin PBXGroup section */
		84481A462BEE9DA700826E86 = {
			isa = PBXGroup;
			children = (
				84481A512BEE9DA700826E86 /* RickAndMortyApp */,
				84481A502BEE9DA700826E86 /* Products */,
			);
			sourceTree = "<group>";
		};
		84481A502BEE9DA700826E86 /* Products */ = {
			isa = PBXGroup;
			children = (
				84481A4F2BEE9DA700826E86 /* RickAndMortyApp.app */,
			);
			name = Products;
			sourceTree = "<group>";
		};
		84481A512BEE9DA700826E86 /* RickAndMortyApp */ = {
			isa = PBXGroup;
			children = (
				84481A662BEEA02100826E86 /* SupportingFiles */,
				84481A6C2BEEA33000826E86 /* Managers */,
				84481A6B2BEEA32600826E86 /* APIClient */,
				84481A6A2BEEA31D00826E86 /* ViewModels */,
				84481A692BEEA31300826E86 /* Views */,
				84481A682BEEA30900826E86 /* Models */,
				84481A672BEEA30100826E86 /* Controllers */,
			);
			path = RickAndMortyApp;
			sourceTree = "<group>";
		};
		84481A662BEEA02100826E86 /* SupportingFiles */ = {
			isa = PBXGroup;
			children = (
				84481A522BEE9DA700826E86 /* AppDelegate.swift */,
				84481A542BEE9DA700826E86 /* SceneDelegate.swift */,
				84481A5D2BEE9DAA00826E86 /* LaunchScreen.storyboard */,
				84481A5B2BEE9DAA00826E86 /* Assets.xcassets */,
				84481A602BEE9DAA00826E86 /* Info.plist */,
			);
			path = SupportingFiles;
			sourceTree = "<group>";
		};
		84481A672BEEA30100826E86 /* Controllers */ = {
			isa = PBXGroup;
			children = (
				84481A752BEEA4C300826E86 /* Core */,
			);
			path = Controllers;
			sourceTree = "<group>";
		};
		84481A682BEEA30900826E86 /* Models */ = {
			isa = PBXGroup;
			children = (
				84481A6D2BEEA3F000826E86 /* RMLocation.swift */,
				84481A6F2BEEA40C00826E86 /* RMCharacter.swift */,
				84481A712BEEA41B00826E86 /* RMEpisode.swift */,
			);
			path = Models;
			sourceTree = "<group>";
		};
		84481A692BEEA31300826E86 /* Views */ = {
			isa = PBXGroup;
			children = (
			);
			path = Views;
			sourceTree = "<group>";
		};
		84481A6A2BEEA31D00826E86 /* ViewModels */ = {
			isa = PBXGroup;
			children = (
			);
			path = ViewModels;
			sourceTree = "<group>";
		};
		84481A6B2BEEA32600826E86 /* APIClient */ = {
			isa = PBXGroup;
			children = (
			);
			path = APIClient;
			sourceTree = "<group>";
		};
		84481A6C2BEEA33000826E86 /* Managers */ = {
			isa = PBXGroup;
			children = (
			);
			path = Managers;
			sourceTree = "<group>";
		};
		84481A752BEEA4C300826E86 /* Core */ = {
			isa = PBXGroup;
			children = (
				84481A732BEEA46600826E86 /* RMTabViewController.swift */,
				84481A762BEEA4DF00826E86 /* RMCharacterViewController.swift */,
				84481A782BEEA4ED00826E86 /* RMLocationViewController.swift */,
				84481A7A2BEEA4FC00826E86 /* RMEpisodeViewController.swift */,
				84481A7C2BEEA50B00826E86 /* RMSettingsViewController.swift */,
			);
			path = Core;
			sourceTree = "<group>";
		};
/* End PBXGroup section */

/* Begin PBXNativeTarget section */
		84481A4E2BEE9DA700826E86 /* RickAndMortyApp */ = {
			isa = PBXNativeTarget;
			buildConfigurationList = 84481A632BEE9DAA00826E86 /* Build configuration list for PBXNativeTarget "RickAndMortyApp" */;
			buildPhases = (
				84481A4B2BEE9DA700826E86 /* Sources */,
				84481A4C2BEE9DA700826E86 /* Frameworks */,
				84481A4D2BEE9DA700826E86 /* Resources */,
			);
			buildRules = (
			);
			dependencies = (
			);
			name = RickAndMortyApp;
			productName = RickAndMortyApp;
			productReference = 84481A4F2BEE9DA700826E86 /* RickAndMortyApp.app */;
			productType = "com.apple.product-type.application";
		};
/* End PBXNativeTarget section */

/* Begin PBXProject section */
		84481A472BEE9DA700826E86 /* Project object */ = {
			isa = PBXProject;
			attributes = {
				BuildIndependentTargetsInParallel = 1;
				LastSwiftUpdateCheck = 1420;
				LastUpgradeCheck = 1420;
				TargetAttributes = {
					84481A4E2BEE9DA700826E86 = {
						CreatedOnToolsVersion = 14.2;
					};
				};
			};
			buildConfigurationList = 84481A4A2BEE9DA700826E86 /* Build configuration list for PBXProject "RickAndMortyApp" */;
			compatibilityVersion = "Xcode 14.0";
			developmentRegion = en;
			hasScannedForEncodings = 0;
			knownRegions = (
				en,
				Base,
			);
			mainGroup = 84481A462BEE9DA700826E86;
			productRefGroup = 84481A502BEE9DA700826E86 /* Products */;
			projectDirPath = "";
			projectRoot = "";
			targets = (
				84481A4E2BEE9DA700826E86 /* RickAndMortyApp */,
			);
		};
/* End PBXProject section */

/* Begin PBXResourcesBuildPhase section */
		84481A4D2BEE9DA700826E86 /* Resources */ = {
			isa = PBXResourcesBuildPhase;
			buildActionMask = 2147483647;
			files = (
				84481A5F2BEE9DAA00826E86 /* LaunchScreen.storyboard in Resources */,
				84481A5C2BEE9DAA00826E86 /* Assets.xcassets in Resources */,
			);
			runOnlyForDeploymentPostprocessing = 0;
		};
/* End PBXResourcesBuildPhase section */

/* Begin PBXSourcesBuildPhase section */
		84481A4B2BEE9DA700826E86 /* Sources */ = {
			isa = PBXSourcesBuildPhase;
			buildActionMask = 2147483647;
			files = (
				84481A792BEEA4ED00826E86 /* RMLocationViewController.swift in Sources */,
				84481A722BEEA41B00826E86 /* RMEpisode.swift in Sources */,
				84481A742BEEA46600826E86 /* RMTabViewController.swift in Sources */,
				84481A7B2BEEA4FC00826E86 /* RMEpisodeViewController.swift in Sources */,
				84481A532BEE9DA700826E86 /* AppDelegate.swift in Sources */,
				84481A552BEE9DA700826E86 /* SceneDelegate.swift in Sources */,
				84481A7D2BEEA50B00826E86 /* RMSettingsViewController.swift in Sources */,
				84481A6E2BEEA3F000826E86 /* RMLocation.swift in Sources */,
				84481A702BEEA40C00826E86 /* RMCharacter.swift in Sources */,
				84481A772BEEA4DF00826E86 /* RMCharacterViewController.swift in Sources */,
			);
			runOnlyForDeploymentPostprocessing = 0;
		};
/* End PBXSourcesBuildPhase section */

/* Begin PBXVariantGroup section */
		84481A5D2BEE9DAA00826E86 /* LaunchScreen.storyboard */ = {
			isa = PBXVariantGroup;
			children = (
				84481A5E2BEE9DAA00826E86 /* Base */,
			);
			name = LaunchScreen.storyboard;
			sourceTree = "<group>";
		};
/* End PBXVariantGroup section */

/* Begin XCBuildConfiguration section */
		84481A612BEE9DAA00826E86 /* Debug */ = {
			isa = XCBuildConfiguration;
			buildSettings = {
				ALWAYS_SEARCH_USER_PATHS = NO;
				CLANG_ANALYZER_NONNULL = YES;
				CLANG_ANALYZER_NUMBER_OBJECT_CONVERSION = YES_AGGRESSIVE;
				CLANG_CXX_LANGUAGE_STANDARD = "gnu++20";
				CLANG_ENABLE_MODULES = YES;
				CLANG_ENABLE_OBJC_ARC = YES;
				CLANG_ENABLE_OBJC_WEAK = YES;
				CLANG_WARN_BLOCK_CAPTURE_AUTORELEASING = YES;
				CLANG_WARN_BOOL_CONVERSION = YES;
				CLANG_WARN_COMMA = YES;
				CLANG_WARN_CONSTANT_CONVERSION = YES;
				CLANG_WARN_DEPRECATED_OBJC_IMPLEMENTATIONS = YES;
				CLANG_WARN_DIRECT_OBJC_ISA_USAGE = YES_ERROR;
				CLANG_WARN_DOCUMENTATION_COMMENTS = YES;
				CLANG_WARN_EMPTY_BODY = YES;
				CLANG_WARN_ENUM_CONVERSION = YES;
				CLANG_WARN_INFINITE_RECURSION = YES;
				CLANG_WARN_INT_CONVERSION = YES;
				CLANG_WARN_NON_LITERAL_NULL_CONVERSION = YES;
				CLANG_WARN_OBJC_IMPLICIT_RETAIN_SELF = YES;
				CLANG_WARN_OBJC_LITERAL_CONVERSION = YES;
				CLANG_WARN_OBJC_ROOT_CLASS = YES_ERROR;
				CLANG_WARN_QUOTED_INCLUDE_IN_FRAMEWORK_HEADER = YES;
				CLANG_WARN_RANGE_LOOP_ANALYSIS = YES;
				CLANG_WARN_STRICT_PROTOTYPES = YES;
				CLANG_WARN_SUSPICIOUS_MOVE = YES;
				CLANG_WARN_UNGUARDED_AVAILABILITY = YES_AGGRESSIVE;
				CLANG_WARN_UNREACHABLE_CODE = YES;
				CLANG_WARN__DUPLICATE_METHOD_MATCH = YES;
				COPY_PHASE_STRIP = NO;
				DEBUG_INFORMATION_FORMAT = dwarf;
				ENABLE_STRICT_OBJC_MSGSEND = YES;
				ENABLE_TESTABILITY = YES;
				GCC_C_LANGUAGE_STANDARD = gnu11;
				GCC_DYNAMIC_NO_PIC = NO;
				GCC_NO_COMMON_BLOCKS = YES;
				GCC_OPTIMIZATION_LEVEL = 0;
				GCC_PREPROCESSOR_DEFINITIONS = (
					"DEBUG=1",
					"$(inherited)",
				);
				GCC_WARN_64_TO_32_BIT_CONVERSION = YES;
				GCC_WARN_ABOUT_RETURN_TYPE = YES_ERROR;
				GCC_WARN_UNDECLARED_SELECTOR = YES;
				GCC_WARN_UNINITIALIZED_AUTOS = YES_AGGRESSIVE;
				GCC_WARN_UNUSED_FUNCTION = YES;
				GCC_WARN_UNUSED_VARIABLE = YES;
				IPHONEOS_DEPLOYMENT_TARGET = 16.2;
				MTL_ENABLE_DEBUG_INFO = INCLUDE_SOURCE;
				MTL_FAST_MATH = YES;
				ONLY_ACTIVE_ARCH = YES;
				SDKROOT = iphoneos;
				SWIFT_ACTIVE_COMPILATION_CONDITIONS = DEBUG;
				SWIFT_OPTIMIZATION_LEVEL = "-Onone";
			};
			name = Debug;
		};
		84481A622BEE9DAA00826E86 /* Release */ = {
			isa = XCBuildConfiguration;
			buildSettings = {
				ALWAYS_SEARCH_USER_PATHS = NO;
				CLANG_ANALYZER_NONNULL = YES;
				CLANG_ANALYZER_NUMBER_OBJECT_CONVERSION = YES_AGGRESSIVE;
				CLANG_CXX_LANGUAGE_STANDARD = "gnu++20";
				CLANG_ENABLE_MODULES = YES;
				CLANG_ENABLE_OBJC_ARC = YES;
				CLANG_ENABLE_OBJC_WEAK = YES;
				CLANG_WARN_BLOCK_CAPTURE_AUTORELEASING = YES;
				CLANG_WARN_BOOL_CONVERSION = YES;
				CLANG_WARN_COMMA = YES;
				CLANG_WARN_CONSTANT_CONVERSION = YES;
				CLANG_WARN_DEPRECATED_OBJC_IMPLEMENTATIONS = YES;
				CLANG_WARN_DIRECT_OBJC_ISA_USAGE = YES_ERROR;
				CLANG_WARN_DOCUMENTATION_COMMENTS = YES;
				CLANG_WARN_EMPTY_BODY = YES;
				CLANG_WARN_ENUM_CONVERSION = YES;
				CLANG_WARN_INFINITE_RECURSION = YES;
				CLANG_WARN_INT_CONVERSION = YES;
				CLANG_WARN_NON_LITERAL_NULL_CONVERSION = YES;
				CLANG_WARN_OBJC_IMPLICIT_RETAIN_SELF = YES;
				CLANG_WARN_OBJC_LITERAL_CONVERSION = YES;
				CLANG_WARN_OBJC_ROOT_CLASS = YES_ERROR;
				CLANG_WARN_QUOTED_INCLUDE_IN_FRAMEWORK_HEADER = YES;
				CLANG_WARN_RANGE_LOOP_ANALYSIS = YES;
				CLANG_WARN_STRICT_PROTOTYPES = YES;
				CLANG_WARN_SUSPICIOUS_MOVE = YES;
				CLANG_WARN_UNGUARDED_AVAILABILITY = YES_AGGRESSIVE;
				CLANG_WARN_UNREACHABLE_CODE = YES;
				CLANG_WARN__DUPLICATE_METHOD_MATCH = YES;
				COPY_PHASE_STRIP = NO;
				DEBUG_INFORMATION_FORMAT = "dwarf-with-dsym";
				ENABLE_NS_ASSERTIONS = NO;
				ENABLE_STRICT_OBJC_MSGSEND = YES;
				GCC_C_LANGUAGE_STANDARD = gnu11;
				GCC_NO_COMMON_BLOCKS = YES;
				GCC_WARN_64_TO_32_BIT_CONVERSION = YES;
				GCC_WARN_ABOUT_RETURN_TYPE = YES_ERROR;
				GCC_WARN_UNDECLARED_SELECTOR = YES;
				GCC_WARN_UNINITIALIZED_AUTOS = YES_AGGRESSIVE;
				GCC_WARN_UNUSED_FUNCTION = YES;
				GCC_WARN_UNUSED_VARIABLE = YES;
				IPHONEOS_DEPLOYMENT_TARGET = 16.2;
				MTL_ENABLE_DEBUG_INFO = NO;
				MTL_FAST_MATH = YES;
				SDKROOT = iphoneos;
				SWIFT_COMPILATION_MODE = wholemodule;
				SWIFT_OPTIMIZATION_LEVEL = "-O";
				VALIDATE_PRODUCT = YES;
			};
			name = Release;
		};
		84481A642BEE9DAA00826E86 /* Debug */ = {
			isa = XCBuildConfiguration;
			buildSettings = {
				ASSETCATALOG_COMPILER_APPICON_NAME = AppIcon;
				ASSETCATALOG_COMPILER_GLOBAL_ACCENT_COLOR_NAME = AccentColor;
				CODE_SIGN_STYLE = Automatic;
				CURRENT_PROJECT_VERSION = 1;
				DEVELOPMENT_TEAM = CP6Y2Q4BFL;
				GENERATE_INFOPLIST_FILE = YES;
				INFOPLIST_FILE = RickAndMortyApp/SupportingFiles/Info.plist;
				INFOPLIST_KEY_UIApplicationSupportsIndirectInputEvents = YES;
				INFOPLIST_KEY_UILaunchStoryboardName = LaunchScreen;
				INFOPLIST_KEY_UISupportedInterfaceOrientations_iPad = "UIInterfaceOrientationPortrait UIInterfaceOrientationPortraitUpsideDown UIInterfaceOrientationLandscapeLeft UIInterfaceOrientationLandscapeRight";
				INFOPLIST_KEY_UISupportedInterfaceOrientations_iPhone = "UIInterfaceOrientationPortrait UIInterfaceOrientationLandscapeLeft UIInterfaceOrientationLandscapeRight";
				LD_RUNPATH_SEARCH_PATHS = (
					"$(inherited)",
					"@executable_path/Frameworks",
				);
				MARKETING_VERSION = 1.0;
				PRODUCT_BUNDLE_IDENTIFIER = moobbat.RickAndMortyApp;
				PRODUCT_NAME = "$(TARGET_NAME)";
				SWIFT_EMIT_LOC_STRINGS = YES;
				SWIFT_VERSION = 5.0;
				TARGETED_DEVICE_FAMILY = "1,2";
			};
			name = Debug;
		};
		84481A652BEE9DAA00826E86 /* Release */ = {
			isa = XCBuildConfiguration;
			buildSettings = {
				ASSETCATALOG_COMPILER_APPICON_NAME = AppIcon;
				ASSETCATALOG_COMPILER_GLOBAL_ACCENT_COLOR_NAME = AccentColor;
				CODE_SIGN_STYLE = Automatic;
				CURRENT_PROJECT_VERSION = 1;
				DEVELOPMENT_TEAM = CP6Y2Q4BFL;
				GENERATE_INFOPLIST_FILE = YES;
				INFOPLIST_FILE = RickAndMortyApp/SupportingFiles/Info.plist;
				INFOPLIST_KEY_UIApplicationSupportsIndirectInputEvents = YES;
				INFOPLIST_KEY_UILaunchStoryboardName = LaunchScreen;
				INFOPLIST_KEY_UISupportedInterfaceOrientations_iPad = "UIInterfaceOrientationPortrait UIInterfaceOrientationPortraitUpsideDown UIInterfaceOrientationLandscapeLeft UIInterfaceOrientationLandscapeRight";
				INFOPLIST_KEY_UISupportedInterfaceOrientations_iPhone = "UIInterfaceOrientationPortrait UIInterfaceOrientationLandscapeLeft UIInterfaceOrientationLandscapeRight";
				LD_RUNPATH_SEARCH_PATHS = (
					"$(inherited)",
					"@executable_path/Frameworks",
				);
				MARKETING_VERSION = 1.0;
				PRODUCT_BUNDLE_IDENTIFIER = moobbat.RickAndMortyApp;
				PRODUCT_NAME = "$(TARGET_NAME)";
				SWIFT_EMIT_LOC_STRINGS = YES;
				SWIFT_VERSION = 5.0;
				TARGETED_DEVICE_FAMILY = "1,2";
			};
			name = Release;
		};
/* End XCBuildConfiguration section */

/* Begin XCConfigurationList section */
		84481A4A2BEE9DA700826E86 /* Build configuration list for PBXProject "RickAndMortyApp" */ = {
			isa = XCConfigurationList;
			buildConfigurations = (
				84481A612BEE9DAA00826E86 /* Debug */,
				84481A622BEE9DAA00826E86 /* Release */,
			);
			defaultConfigurationIsVisible = 0;
			defaultConfigurationName = Release;
		};
		84481A632BEE9DAA00826E86 /* Build configuration list for PBXNativeTarget "RickAndMortyApp" */ = {
			isa = XCConfigurationList;
			buildConfigurations = (
				84481A642BEE9DAA00826E86 /* Debug */,
				84481A652BEE9DAA00826E86 /* Release */,
			);
			defaultConfigurationIsVisible = 0;
			defaultConfigurationName = Release;
		};
/* End XCConfigurationList section */
	};
	rootObject = 84481A472BEE9DA700826E86 /* Project object */;
}
